
Microsoft Visual Studio Solution File, Format Version 12.00
Project("{2150E333-8FDC-42A3-9474-1A3956D46DE8}") = "Adapters", "Adapters", "{C811E28E-4D48-422B-A986-EE00A3C3E6F1}"
EndProject
Project("{2150E333-8FDC-42A3-9474-1A3956D46DE8}") = "Driven", "Driven", "{AD6D2F8B-8C44-4458-8D4A-4BC23322CAB9}"
EndProject
Project("{2150E333-8FDC-42A3-9474-1A3956D46DE8}") = "Driving", "Driving", "{BE38F879-68D2-4320-90AD-BCFA30525F6D}"
EndProject
Project("{2150E333-8FDC-42A3-9474-1A3956D46DE8}") = "Core", "Core", "{C6EE1D80-AC91-4EEA-AC3C-360E26D21A0B}"
EndProject
Project("{2150E333-8FDC-42A3-9474-1A3956D46DE8}") = "Application", "Application", "{864F87F9-A217-494D-8DC3-DFC3C1DB25B8}"
EndProject
Project("{2150E333-8FDC-42A3-9474-1A3956D46DE8}") = "Domain", "Domain", "{47A6EBCE-5B84-4B09-91E8-79CE666D3BB8}"
EndProject
Project("{FAE04EC0-301F-11D3-BF4B-00C04F79EFBC}") = "Notification.Core.Domain", "Core\Domain\Notification.Core.Domain\Notification.Core.Domain.csproj", "{8391A544-F6D3-4E6B-B8CC-9BC576AF7649}"
EndProject
Global
	GlobalSection(SolutionConfigurationPlatforms) = preSolution
		Debug|Any CPU = Debug|Any CPU
		Release|Any CPU = Release|Any CPU
	EndGlobalSection
	GlobalSection(NestedProjects) = preSolution
		{AD6D2F8B-8C44-4458-8D4A-4BC23322CAB9} = {C811E28E-4D48-422B-A986-EE00A3C3E6F1}
		{BE38F879-68D2-4320-90AD-BCFA30525F6D} = {C811E28E-4D48-422B-A986-EE00A3C3E6F1}
		{864F87F9-A217-494D-8DC3-DFC3C1DB25B8} = {C6EE1D80-AC91-4EEA-AC3C-360E26D21A0B}
		{47A6EBCE-5B84-4B09-91E8-79CE666D3BB8} = {C6EE1D80-AC91-4EEA-AC3C-360E26D21A0B}
		{8391A544-F6D3-4E6B-B8CC-9BC576AF7649} = {47A6EBCE-5B84-4B09-91E8-79CE666D3BB8}
	EndGlobalSection
	GlobalSection(ProjectConfigurationPlatforms) = postSolution
		{8391A544-F6D3-4E6B-B8CC-9BC576AF7649}.Debug|Any CPU.ActiveCfg = Debug|Any CPU
		{8391A544-F6D3-4E6B-B8CC-9BC576AF7649}.Debug|Any CPU.Build.0 = Debug|Any CPU
		{8391A544-F6D3-4E6B-B8CC-9BC576AF7649}.Release|Any CPU.ActiveCfg = Release|Any CPU
		{8391A544-F6D3-4E6B-B8CC-9BC576AF7649}.Release|Any CPU.Build.0 = Release|Any CPU
	EndGlobalSection
EndGlobal
